// !$*UTF8*$!
{
	archiveVersion = 1;
	classes = {
	};
	objectVersion = 46;
	objects = {

/* Begin PBXBuildFile section */
		3301EE3F6EE1A6D402736267 /* Pods_notification_wordUITests.framework in Frameworks */ = {isa = PBXBuildFile; fileRef = 38B6B56B2D4FE5843B29E8C3 /* Pods_notification_wordUITests.framework */; };
		3B031ED21F7CC175002F8C18 /* SettingDateCell.swift in Sources */ = {isa = PBXBuildFile; fileRef = 3B031ED11F7CC175002F8C18 /* SettingDateCell.swift */; };
		3B031ED41F7CC181002F8C18 /* SettingTimeCell.swift in Sources */ = {isa = PBXBuildFile; fileRef = 3B031ED31F7CC181002F8C18 /* SettingTimeCell.swift */; };
		3B0B7CD61F7C930900ED7E73 /* HomeViewController.storyboard in Resources */ = {isa = PBXBuildFile; fileRef = 3B0B7CD51F7C930900ED7E73 /* HomeViewController.storyboard */; };
		3B0B7CD81F7C938C00ED7E73 /* Identifier.swift in Sources */ = {isa = PBXBuildFile; fileRef = 3B0B7CD71F7C938C00ED7E73 /* Identifier.swift */; };
		3B0B7CE41F7CB4FE00ED7E73 /* AlertDateCell.swift in Sources */ = {isa = PBXBuildFile; fileRef = 3B0B7CE01F7CB4FE00ED7E73 /* AlertDateCell.swift */; };
		3B0B7CE51F7CB4FE00ED7E73 /* AlertDateCell.xib in Resources */ = {isa = PBXBuildFile; fileRef = 3B0B7CE11F7CB4FE00ED7E73 /* AlertDateCell.xib */; };
		3B0B7CE61F7CB4FE00ED7E73 /* SettingListViewController.storyboard in Resources */ = {isa = PBXBuildFile; fileRef = 3B0B7CE21F7CB4FE00ED7E73 /* SettingListViewController.storyboard */; };
		3B0B7CE71F7CB4FE00ED7E73 /* SettingListViewController.swift in Sources */ = {isa = PBXBuildFile; fileRef = 3B0B7CE31F7CB4FE00ED7E73 /* SettingListViewController.swift */; };
		3B0B7CEA1F7CB5FD00ED7E73 /* SettingViewController.storyboard in Resources */ = {isa = PBXBuildFile; fileRef = 3B0B7CE91F7CB5FD00ED7E73 /* SettingViewController.storyboard */; };
		3B0B7CEC1F7CB60400ED7E73 /* SettingViewController.swift in Sources */ = {isa = PBXBuildFile; fileRef = 3B0B7CEB1F7CB60400ED7E73 /* SettingViewController.swift */; };
		3B6504A91F764EFA00177319 /* HomeViewController.swift in Sources */ = {isa = PBXBuildFile; fileRef = 3B6504A71F764EF900177319 /* HomeViewController.swift */; };
		3B8D0DE81F5964CA009D982B /* AppDelegate.swift in Sources */ = {isa = PBXBuildFile; fileRef = 3B8D0DE71F5964CA009D982B /* AppDelegate.swift */; };
		3B8D0DEF1F5964CA009D982B /* Assets.xcassets in Resources */ = {isa = PBXBuildFile; fileRef = 3B8D0DEE1F5964CA009D982B /* Assets.xcassets */; };
		3B8D0DF21F5964CA009D982B /* LaunchScreen.storyboard in Resources */ = {isa = PBXBuildFile; fileRef = 3B8D0DF01F5964CA009D982B /* LaunchScreen.storyboard */; };
		3B8D0DFD1F5964CB009D982B /* notification_wordTests.swift in Sources */ = {isa = PBXBuildFile; fileRef = 3B8D0DFC1F5964CB009D982B /* notification_wordTests.swift */; };
		3B8D0E081F5964CB009D982B /* notification_wordUITests.swift in Sources */ = {isa = PBXBuildFile; fileRef = 3B8D0E071F5964CB009D982B /* notification_wordUITests.swift */; };
		3BC6417B1F7C5F11008BC755 /* TextCell.swift in Sources */ = {isa = PBXBuildFile; fileRef = 3BC6417A1F7C5F11008BC755 /* TextCell.swift */; };
		3BC6417D1F7C81A7008BC755 /* QuotationCell.swift in Sources */ = {isa = PBXBuildFile; fileRef = 3BC6417C1F7C81A7008BC755 /* QuotationCell.swift */; };
		3BC6417F1F7C8462008BC755 /* TabBarController.swift in Sources */ = {isa = PBXBuildFile; fileRef = 3BC6417E1F7C8462008BC755 /* TabBarController.swift */; };
		51858CC8F7C1F7880ADE305D /* Pods_notification_wordTests.framework in Frameworks */ = {isa = PBXBuildFile; fileRef = CFBD4EFCD341353E60E89250 /* Pods_notification_wordTests.framework */; };
		D7995AC6E6E07E55288DCA0A /* Pods_notification_word.framework in Frameworks */ = {isa = PBXBuildFile; fileRef = C5205362C172F0D6B8A8D80A /* Pods_notification_word.framework */; };
/* End PBXBuildFile section */

/* Begin PBXContainerItemProxy section */
		3B8D0DF91F5964CB009D982B /* PBXContainerItemProxy */ = {
			isa = PBXContainerItemProxy;
			containerPortal = 3B8D0DDC1F5964CA009D982B /* Project object */;
			proxyType = 1;
			remoteGlobalIDString = 3B8D0DE31F5964CA009D982B;
			remoteInfo = "notification-word";
		};
		3B8D0E041F5964CB009D982B /* PBXContainerItemProxy */ = {
			isa = PBXContainerItemProxy;
			containerPortal = 3B8D0DDC1F5964CA009D982B /* Project object */;
			proxyType = 1;
			remoteGlobalIDString = 3B8D0DE31F5964CA009D982B;
			remoteInfo = "notification-word";
		};
/* End PBXContainerItemProxy section */

/* Begin PBXFileReference section */
		1CDC47263EE22D585F3F2D49 /* Pods-notification-wordUITests.debug.xcconfig */ = {isa = PBXFileReference; includeInIndex = 1; lastKnownFileType = text.xcconfig; name = "Pods-notification-wordUITests.debug.xcconfig"; path = "Pods/Target Support Files/Pods-notification-wordUITests/Pods-notification-wordUITests.debug.xcconfig"; sourceTree = "<group>"; };
		38B6B56B2D4FE5843B29E8C3 /* Pods_notification_wordUITests.framework */ = {isa = PBXFileReference; explicitFileType = wrapper.framework; includeInIndex = 0; path = Pods_notification_wordUITests.framework; sourceTree = BUILT_PRODUCTS_DIR; };
		3B031ED11F7CC175002F8C18 /* SettingDateCell.swift */ = {isa = PBXFileReference; lastKnownFileType = sourcecode.swift; path = SettingDateCell.swift; sourceTree = "<group>"; };
		3B031ED31F7CC181002F8C18 /* SettingTimeCell.swift */ = {isa = PBXFileReference; lastKnownFileType = sourcecode.swift; path = SettingTimeCell.swift; sourceTree = "<group>"; };
		3B0B7CD51F7C930900ED7E73 /* HomeViewController.storyboard */ = {isa = PBXFileReference; fileEncoding = 4; lastKnownFileType = file.storyboard; path = HomeViewController.storyboard; sourceTree = "<group>"; };
		3B0B7CD71F7C938C00ED7E73 /* Identifier.swift */ = {isa = PBXFileReference; lastKnownFileType = sourcecode.swift; path = Identifier.swift; sourceTree = "<group>"; };
		3B0B7CE01F7CB4FE00ED7E73 /* AlertDateCell.swift */ = {isa = PBXFileReference; fileEncoding = 4; lastKnownFileType = sourcecode.swift; path = AlertDateCell.swift; sourceTree = "<group>"; };
		3B0B7CE11F7CB4FE00ED7E73 /* AlertDateCell.xib */ = {isa = PBXFileReference; fileEncoding = 4; lastKnownFileType = file.xib; path = AlertDateCell.xib; sourceTree = "<group>"; };
		3B0B7CE21F7CB4FE00ED7E73 /* SettingListViewController.storyboard */ = {isa = PBXFileReference; fileEncoding = 4; lastKnownFileType = file.storyboard; path = SettingListViewController.storyboard; sourceTree = "<group>"; };
		3B0B7CE31F7CB4FE00ED7E73 /* SettingListViewController.swift */ = {isa = PBXFileReference; fileEncoding = 4; lastKnownFileType = sourcecode.swift; path = SettingListViewController.swift; sourceTree = "<group>"; };
		3B0B7CE91F7CB5FD00ED7E73 /* SettingViewController.storyboard */ = {isa = PBXFileReference; lastKnownFileType = file.storyboard; path = SettingViewController.storyboard; sourceTree = "<group>"; };
		3B0B7CEB1F7CB60400ED7E73 /* SettingViewController.swift */ = {isa = PBXFileReference; lastKnownFileType = sourcecode.swift; path = SettingViewController.swift; sourceTree = "<group>"; };
		3B6504A71F764EF900177319 /* HomeViewController.swift */ = {isa = PBXFileReference; fileEncoding = 4; lastKnownFileType = sourcecode.swift; path = HomeViewController.swift; sourceTree = "<group>"; };
		3B8D0DE41F5964CA009D982B /* notification-word.app */ = {isa = PBXFileReference; explicitFileType = wrapper.application; includeInIndex = 0; path = "notification-word.app"; sourceTree = BUILT_PRODUCTS_DIR; };
		3B8D0DE71F5964CA009D982B /* AppDelegate.swift */ = {isa = PBXFileReference; lastKnownFileType = sourcecode.swift; path = AppDelegate.swift; sourceTree = "<group>"; };
		3B8D0DEE1F5964CA009D982B /* Assets.xcassets */ = {isa = PBXFileReference; lastKnownFileType = folder.assetcatalog; path = Assets.xcassets; sourceTree = "<group>"; };
		3B8D0DF11F5964CA009D982B /* Base */ = {isa = PBXFileReference; lastKnownFileType = file.storyboard; name = Base; path = Base.lproj/LaunchScreen.storyboard; sourceTree = "<group>"; };
		3B8D0DF31F5964CA009D982B /* Info.plist */ = {isa = PBXFileReference; lastKnownFileType = text.plist.xml; path = Info.plist; sourceTree = "<group>"; };
		3B8D0DF81F5964CB009D982B /* notification-wordTests.xctest */ = {isa = PBXFileReference; explicitFileType = wrapper.cfbundle; includeInIndex = 0; path = "notification-wordTests.xctest"; sourceTree = BUILT_PRODUCTS_DIR; };
		3B8D0DFC1F5964CB009D982B /* notification_wordTests.swift */ = {isa = PBXFileReference; lastKnownFileType = sourcecode.swift; path = notification_wordTests.swift; sourceTree = "<group>"; };
		3B8D0DFE1F5964CB009D982B /* Info.plist */ = {isa = PBXFileReference; lastKnownFileType = text.plist.xml; path = Info.plist; sourceTree = "<group>"; };
		3B8D0E031F5964CB009D982B /* notification-wordUITests.xctest */ = {isa = PBXFileReference; explicitFileType = wrapper.cfbundle; includeInIndex = 0; path = "notification-wordUITests.xctest"; sourceTree = BUILT_PRODUCTS_DIR; };
		3B8D0E071F5964CB009D982B /* notification_wordUITests.swift */ = {isa = PBXFileReference; lastKnownFileType = sourcecode.swift; path = notification_wordUITests.swift; sourceTree = "<group>"; };
		3B8D0E091F5964CB009D982B /* Info.plist */ = {isa = PBXFileReference; lastKnownFileType = text.plist.xml; path = Info.plist; sourceTree = "<group>"; };
		3BC6417A1F7C5F11008BC755 /* TextCell.swift */ = {isa = PBXFileReference; lastKnownFileType = sourcecode.swift; path = TextCell.swift; sourceTree = "<group>"; };
		3BC6417C1F7C81A7008BC755 /* QuotationCell.swift */ = {isa = PBXFileReference; lastKnownFileType = sourcecode.swift; path = QuotationCell.swift; sourceTree = "<group>"; };
		3BC6417E1F7C8462008BC755 /* TabBarController.swift */ = {isa = PBXFileReference; lastKnownFileType = sourcecode.swift; path = TabBarController.swift; sourceTree = "<group>"; };
		50C5958A48CBDCEE91B7EEF2 /* Pods-notification-word.release.xcconfig */ = {isa = PBXFileReference; includeInIndex = 1; lastKnownFileType = text.xcconfig; name = "Pods-notification-word.release.xcconfig"; path = "Pods/Target Support Files/Pods-notification-word/Pods-notification-word.release.xcconfig"; sourceTree = "<group>"; };
		6F53CB9B380BC782A879252B /* Pods-notification-word.debug.xcconfig */ = {isa = PBXFileReference; includeInIndex = 1; lastKnownFileType = text.xcconfig; name = "Pods-notification-word.debug.xcconfig"; path = "Pods/Target Support Files/Pods-notification-word/Pods-notification-word.debug.xcconfig"; sourceTree = "<group>"; };
		A80F73C2AD90045F6206FA86 /* Pods-notification-wordTests.release.xcconfig */ = {isa = PBXFileReference; includeInIndex = 1; lastKnownFileType = text.xcconfig; name = "Pods-notification-wordTests.release.xcconfig"; path = "Pods/Target Support Files/Pods-notification-wordTests/Pods-notification-wordTests.release.xcconfig"; sourceTree = "<group>"; };
		C35C3EE75F7D61326B48FEBA /* Pods-notification-wordTests.debug.xcconfig */ = {isa = PBXFileReference; includeInIndex = 1; lastKnownFileType = text.xcconfig; name = "Pods-notification-wordTests.debug.xcconfig"; path = "Pods/Target Support Files/Pods-notification-wordTests/Pods-notification-wordTests.debug.xcconfig"; sourceTree = "<group>"; };
		C5205362C172F0D6B8A8D80A /* Pods_notification_word.framework */ = {isa = PBXFileReference; explicitFileType = wrapper.framework; includeInIndex = 0; path = Pods_notification_word.framework; sourceTree = BUILT_PRODUCTS_DIR; };
		CFBD4EFCD341353E60E89250 /* Pods_notification_wordTests.framework */ = {isa = PBXFileReference; explicitFileType = wrapper.framework; includeInIndex = 0; path = Pods_notification_wordTests.framework; sourceTree = BUILT_PRODUCTS_DIR; };
		E384C937D54928BC7F7F7CC4 /* Pods-notification-wordUITests.release.xcconfig */ = {isa = PBXFileReference; includeInIndex = 1; lastKnownFileType = text.xcconfig; name = "Pods-notification-wordUITests.release.xcconfig"; path = "Pods/Target Support Files/Pods-notification-wordUITests/Pods-notification-wordUITests.release.xcconfig"; sourceTree = "<group>"; };
/* End PBXFileReference section */

/* Begin PBXFrameworksBuildPhase section */
		3B8D0DE11F5964CA009D982B /* Frameworks */ = {
			isa = PBXFrameworksBuildPhase;
			buildActionMask = 2147483647;
			files = (
				D7995AC6E6E07E55288DCA0A /* Pods_notification_word.framework in Frameworks */,
			);
			runOnlyForDeploymentPostprocessing = 0;
		};
		3B8D0DF51F5964CB009D982B /* Frameworks */ = {
			isa = PBXFrameworksBuildPhase;
			buildActionMask = 2147483647;
			files = (
				51858CC8F7C1F7880ADE305D /* Pods_notification_wordTests.framework in Frameworks */,
			);
			runOnlyForDeploymentPostprocessing = 0;
		};
		3B8D0E001F5964CB009D982B /* Frameworks */ = {
			isa = PBXFrameworksBuildPhase;
			buildActionMask = 2147483647;
			files = (
				3301EE3F6EE1A6D402736267 /* Pods_notification_wordUITests.framework in Frameworks */,
			);
			runOnlyForDeploymentPostprocessing = 0;
		};
/* End PBXFrameworksBuildPhase section */

/* Begin PBXGroup section */
		2AE17CD38A37CD074F54ADDB /* Frameworks */ = {
			isa = PBXGroup;
			children = (
				C5205362C172F0D6B8A8D80A /* Pods_notification_word.framework */,
				CFBD4EFCD341353E60E89250 /* Pods_notification_wordTests.framework */,
				38B6B56B2D4FE5843B29E8C3 /* Pods_notification_wordUITests.framework */,
			);
			name = Frameworks;
			sourceTree = "<group>";
		};
		303705E0A775129E2BBB0BAC /* Pods */ = {
			isa = PBXGroup;
			children = (
				6F53CB9B380BC782A879252B /* Pods-notification-word.debug.xcconfig */,
				50C5958A48CBDCEE91B7EEF2 /* Pods-notification-word.release.xcconfig */,
				C35C3EE75F7D61326B48FEBA /* Pods-notification-wordTests.debug.xcconfig */,
				A80F73C2AD90045F6206FA86 /* Pods-notification-wordTests.release.xcconfig */,
				1CDC47263EE22D585F3F2D49 /* Pods-notification-wordUITests.debug.xcconfig */,
				E384C937D54928BC7F7F7CC4 /* Pods-notification-wordUITests.release.xcconfig */,
			);
			name = Pods;
			sourceTree = "<group>";
		};
		3B0B7CDF1F7CB4FE00ED7E73 /* SettingList */ = {
			isa = PBXGroup;
			children = (
				3B0B7CE01F7CB4FE00ED7E73 /* AlertDateCell.swift */,
				3B0B7CE11F7CB4FE00ED7E73 /* AlertDateCell.xib */,
				3B0B7CE21F7CB4FE00ED7E73 /* SettingListViewController.storyboard */,
				3B0B7CE31F7CB4FE00ED7E73 /* SettingListViewController.swift */,
			);
			path = SettingList;
			sourceTree = "<group>";
		};
		3B0B7CE81F7CB52E00ED7E73 /* Setting */ = {
			isa = PBXGroup;
			children = (
				3B0B7CE91F7CB5FD00ED7E73 /* SettingViewController.storyboard */,
				3B0B7CEB1F7CB60400ED7E73 /* SettingViewController.swift */,
				3B031ED11F7CC175002F8C18 /* SettingDateCell.swift */,
				3B031ED31F7CC181002F8C18 /* SettingTimeCell.swift */,
			);
			path = Setting;
			sourceTree = "<group>";
		};
		3B6504A31F764E5600177319 /* Classes */ = {
			isa = PBXGroup;
			children = (
				3B0B7CE81F7CB52E00ED7E73 /* Setting */,
				3B0B7CDF1F7CB4FE00ED7E73 /* SettingList */,
				3B6504A51F764EA500177319 /* Home */,
				3BC6417E1F7C8462008BC755 /* TabBarController.swift */,
			);
			path = Classes;
			sourceTree = "<group>";
		};
		3B6504A51F764EA500177319 /* Home */ = {
			isa = PBXGroup;
			children = (
				3B0B7CD51F7C930900ED7E73 /* HomeViewController.storyboard */,
				3B6504A71F764EF900177319 /* HomeViewController.swift */,
				3BC6417A1F7C5F11008BC755 /* TextCell.swift */,
				3BC6417C1F7C81A7008BC755 /* QuotationCell.swift */,
			);
			path = Home;
			sourceTree = "<group>";
		};
		3B8D0DDB1F5964CA009D982B = {
			isa = PBXGroup;
			children = (
				3B8D0DE61F5964CA009D982B /* notification-word */,
				3B8D0DFB1F5964CB009D982B /* notification-wordTests */,
				3B8D0E061F5964CB009D982B /* notification-wordUITests */,
				3B8D0DE51F5964CA009D982B /* Products */,
				303705E0A775129E2BBB0BAC /* Pods */,
				2AE17CD38A37CD074F54ADDB /* Frameworks */,
			);
			sourceTree = "<group>";
		};
		3B8D0DE51F5964CA009D982B /* Products */ = {
			isa = PBXGroup;
			children = (
				3B8D0DE41F5964CA009D982B /* notification-word.app */,
				3B8D0DF81F5964CB009D982B /* notification-wordTests.xctest */,
				3B8D0E031F5964CB009D982B /* notification-wordUITests.xctest */,
			);
			name = Products;
			sourceTree = "<group>";
		};
		3B8D0DE61F5964CA009D982B /* notification-word */ = {
			isa = PBXGroup;
			children = (
				3B6504A31F764E5600177319 /* Classes */,
				3B8D0DE71F5964CA009D982B /* AppDelegate.swift */,
				3B8D0DEE1F5964CA009D982B /* Assets.xcassets */,
				3B8D0DF01F5964CA009D982B /* LaunchScreen.storyboard */,
				3B8D0DF31F5964CA009D982B /* Info.plist */,
				3B0B7CD71F7C938C00ED7E73 /* Identifier.swift */,
			);
			path = "notification-word";
			sourceTree = "<group>";
		};
		3B8D0DFB1F5964CB009D982B /* notification-wordTests */ = {
			isa = PBXGroup;
			children = (
				3B8D0DFC1F5964CB009D982B /* notification_wordTests.swift */,
				3B8D0DFE1F5964CB009D982B /* Info.plist */,
			);
			path = "notification-wordTests";
			sourceTree = "<group>";
		};
		3B8D0E061F5964CB009D982B /* notification-wordUITests */ = {
			isa = PBXGroup;
			children = (
				3B8D0E071F5964CB009D982B /* notification_wordUITests.swift */,
				3B8D0E091F5964CB009D982B /* Info.plist */,
			);
			path = "notification-wordUITests";
			sourceTree = "<group>";
		};
/* End PBXGroup section */

/* Begin PBXNativeTarget section */
		3B8D0DE31F5964CA009D982B /* notification-word */ = {
			isa = PBXNativeTarget;
			buildConfigurationList = 3B8D0E0C1F5964CB009D982B /* Build configuration list for PBXNativeTarget "notification-word" */;
			buildPhases = (
				35ECDD2E03B7087002EF555A /* [CP] Check Pods Manifest.lock */,
				3B8D0DE01F5964CA009D982B /* Sources */,
				3B8D0DE11F5964CA009D982B /* Frameworks */,
				3B8D0DE21F5964CA009D982B /* Resources */,
				5BB5B231F97D160BDD7D0131 /* [CP] Embed Pods Frameworks */,
				62B227EF58F86E64A9F718E3 /* [CP] Copy Pods Resources */,
			);
			buildRules = (
			);
			dependencies = (
			);
			name = "notification-word";
			productName = "notification-word";
			productReference = 3B8D0DE41F5964CA009D982B /* notification-word.app */;
			productType = "com.apple.product-type.application";
		};
		3B8D0DF71F5964CB009D982B /* notification-wordTests */ = {
			isa = PBXNativeTarget;
			buildConfigurationList = 3B8D0E0F1F5964CB009D982B /* Build configuration list for PBXNativeTarget "notification-wordTests" */;
			buildPhases = (
				A6B030A4A853A255B114B96D /* [CP] Check Pods Manifest.lock */,
				3B8D0DF41F5964CB009D982B /* Sources */,
				3B8D0DF51F5964CB009D982B /* Frameworks */,
				3B8D0DF61F5964CB009D982B /* Resources */,
				B0A7C29C8D50C11791A57A96 /* [CP] Embed Pods Frameworks */,
				5DA046B6A0B4A94671008E54 /* [CP] Copy Pods Resources */,
			);
			buildRules = (
			);
			dependencies = (
				3B8D0DFA1F5964CB009D982B /* PBXTargetDependency */,
			);
			name = "notification-wordTests";
			productName = "notification-wordTests";
			productReference = 3B8D0DF81F5964CB009D982B /* notification-wordTests.xctest */;
			productType = "com.apple.product-type.bundle.unit-test";
		};
		3B8D0E021F5964CB009D982B /* notification-wordUITests */ = {
			isa = PBXNativeTarget;
			buildConfigurationList = 3B8D0E121F5964CB009D982B /* Build configuration list for PBXNativeTarget "notification-wordUITests" */;
			buildPhases = (
				C822FBE8AFD500F6474A8B6A /* [CP] Check Pods Manifest.lock */,
				3B8D0DFF1F5964CB009D982B /* Sources */,
				3B8D0E001F5964CB009D982B /* Frameworks */,
				3B8D0E011F5964CB009D982B /* Resources */,
				796775D0712956D96D2D9B3A /* [CP] Embed Pods Frameworks */,
				88AC063639FBED672B78FB05 /* [CP] Copy Pods Resources */,
			);
			buildRules = (
			);
			dependencies = (
				3B8D0E051F5964CB009D982B /* PBXTargetDependency */,
			);
			name = "notification-wordUITests";
			productName = "notification-wordUITests";
			productReference = 3B8D0E031F5964CB009D982B /* notification-wordUITests.xctest */;
			productType = "com.apple.product-type.bundle.ui-testing";
		};
/* End PBXNativeTarget section */

/* Begin PBXProject section */
		3B8D0DDC1F5964CA009D982B /* Project object */ = {
			isa = PBXProject;
			attributes = {
				LastSwiftUpdateCheck = 0830;
				LastUpgradeCheck = 0830;
				ORGANIZATIONNAME = takattata;
				TargetAttributes = {
					3B8D0DE31F5964CA009D982B = {
						CreatedOnToolsVersion = 8.3.3;
						DevelopmentTeam = E37YH96M9E;
						ProvisioningStyle = Automatic;
					};
					3B8D0DF71F5964CB009D982B = {
						CreatedOnToolsVersion = 8.3.3;
						DevelopmentTeam = E37YH96M9E;
						ProvisioningStyle = Automatic;
						TestTargetID = 3B8D0DE31F5964CA009D982B;
					};
					3B8D0E021F5964CB009D982B = {
						CreatedOnToolsVersion = 8.3.3;
						DevelopmentTeam = E37YH96M9E;
						ProvisioningStyle = Automatic;
						TestTargetID = 3B8D0DE31F5964CA009D982B;
					};
				};
			};
			buildConfigurationList = 3B8D0DDF1F5964CA009D982B /* Build configuration list for PBXProject "notification-word" */;
			compatibilityVersion = "Xcode 3.2";
			developmentRegion = English;
			hasScannedForEncodings = 0;
			knownRegions = (
				en,
				Base,
			);
			mainGroup = 3B8D0DDB1F5964CA009D982B;
			productRefGroup = 3B8D0DE51F5964CA009D982B /* Products */;
			projectDirPath = "";
			projectRoot = "";
			targets = (
				3B8D0DE31F5964CA009D982B /* notification-word */,
				3B8D0DF71F5964CB009D982B /* notification-wordTests */,
				3B8D0E021F5964CB009D982B /* notification-wordUITests */,
			);
		};
/* End PBXProject section */

/* Begin PBXResourcesBuildPhase section */
		3B8D0DE21F5964CA009D982B /* Resources */ = {
			isa = PBXResourcesBuildPhase;
			buildActionMask = 2147483647;
			files = (
				3B0B7CEA1F7CB5FD00ED7E73 /* SettingViewController.storyboard in Resources */,
				3B0B7CE51F7CB4FE00ED7E73 /* AlertDateCell.xib in Resources */,
				3B8D0DF21F5964CA009D982B /* LaunchScreen.storyboard in Resources */,
				3B0B7CE61F7CB4FE00ED7E73 /* SettingListViewController.storyboard in Resources */,
				3B8D0DEF1F5964CA009D982B /* Assets.xcassets in Resources */,
				3B0B7CD61F7C930900ED7E73 /* HomeViewController.storyboard in Resources */,
			);
			runOnlyForDeploymentPostprocessing = 0;
		};
		3B8D0DF61F5964CB009D982B /* Resources */ = {
			isa = PBXResourcesBuildPhase;
			buildActionMask = 2147483647;
			files = (
			);
			runOnlyForDeploymentPostprocessing = 0;
		};
		3B8D0E011F5964CB009D982B /* Resources */ = {
			isa = PBXResourcesBuildPhase;
			buildActionMask = 2147483647;
			files = (
			);
			runOnlyForDeploymentPostprocessing = 0;
		};
/* End PBXResourcesBuildPhase section */

/* Begin PBXShellScriptBuildPhase section */
		35ECDD2E03B7087002EF555A /* [CP] Check Pods Manifest.lock */ = {
			isa = PBXShellScriptBuildPhase;
			buildActionMask = 2147483647;
			files = (
			);
			inputPaths = (
			);
			name = "[CP] Check Pods Manifest.lock";
			outputPaths = (
			);
			runOnlyForDeploymentPostprocessing = 0;
			shellPath = /bin/sh;
			shellScript = "diff \"${PODS_PODFILE_DIR_PATH}/Podfile.lock\" \"${PODS_ROOT}/Manifest.lock\" > /dev/null\nif [ $? != 0 ] ; then\n    # print error to STDERR\n    echo \"error: The sandbox is not in sync with the Podfile.lock. Run 'pod install' or update your CocoaPods installation.\" >&2\n    exit 1\nfi\n";
			showEnvVarsInLog = 0;
		};
		5BB5B231F97D160BDD7D0131 /* [CP] Embed Pods Frameworks */ = {
			isa = PBXShellScriptBuildPhase;
			buildActionMask = 2147483647;
			files = (
			);
			inputPaths = (
			);
			name = "[CP] Embed Pods Frameworks";
			outputPaths = (
			);
			runOnlyForDeploymentPostprocessing = 0;
			shellPath = /bin/sh;
			shellScript = "\"${SRCROOT}/Pods/Target Support Files/Pods-notification-word/Pods-notification-word-frameworks.sh\"\n";
			showEnvVarsInLog = 0;
		};
		5DA046B6A0B4A94671008E54 /* [CP] Copy Pods Resources */ = {
			isa = PBXShellScriptBuildPhase;
			buildActionMask = 2147483647;
			files = (
			);
			inputPaths = (
			);
			name = "[CP] Copy Pods Resources";
			outputPaths = (
			);
			runOnlyForDeploymentPostprocessing = 0;
			shellPath = /bin/sh;
			shellScript = "\"${SRCROOT}/Pods/Target Support Files/Pods-notification-wordTests/Pods-notification-wordTests-resources.sh\"\n";
			showEnvVarsInLog = 0;
		};
		62B227EF58F86E64A9F718E3 /* [CP] Copy Pods Resources */ = {
			isa = PBXShellScriptBuildPhase;
			buildActionMask = 2147483647;
			files = (
			);
			inputPaths = (
			);
			name = "[CP] Copy Pods Resources";
			outputPaths = (
			);
			runOnlyForDeploymentPostprocessing = 0;
			shellPath = /bin/sh;
			shellScript = "\"${SRCROOT}/Pods/Target Support Files/Pods-notification-word/Pods-notification-word-resources.sh\"\n";
			showEnvVarsInLog = 0;
		};
		796775D0712956D96D2D9B3A /* [CP] Embed Pods Frameworks */ = {
			isa = PBXShellScriptBuildPhase;
			buildActionMask = 2147483647;
			files = (
			);
			inputPaths = (
			);
			name = "[CP] Embed Pods Frameworks";
			outputPaths = (
			);
			runOnlyForDeploymentPostprocessing = 0;
			shellPath = /bin/sh;
			shellScript = "\"${SRCROOT}/Pods/Target Support Files/Pods-notification-wordUITests/Pods-notification-wordUITests-frameworks.sh\"\n";
			showEnvVarsInLog = 0;
		};
		88AC063639FBED672B78FB05 /* [CP] Copy Pods Resources */ = {
			isa = PBXShellScriptBuildPhase;
			buildActionMask = 2147483647;
			files = (
			);
			inputPaths = (
			);
			name = "[CP] Copy Pods Resources";
			outputPaths = (
			);
			runOnlyForDeploymentPostprocessing = 0;
			shellPath = /bin/sh;
			shellScript = "\"${SRCROOT}/Pods/Target Support Files/Pods-notification-wordUITests/Pods-notification-wordUITests-resources.sh\"\n";
			showEnvVarsInLog = 0;
		};
		A6B030A4A853A255B114B96D /* [CP] Check Pods Manifest.lock */ = {
			isa = PBXShellScriptBuildPhase;
			buildActionMask = 2147483647;
			files = (
			);
			inputPaths = (
			);
			name = "[CP] Check Pods Manifest.lock";
			outputPaths = (
			);
			runOnlyForDeploymentPostprocessing = 0;
			shellPath = /bin/sh;
			shellScript = "diff \"${PODS_PODFILE_DIR_PATH}/Podfile.lock\" \"${PODS_ROOT}/Manifest.lock\" > /dev/null\nif [ $? != 0 ] ; then\n    # print error to STDERR\n    echo \"error: The sandbox is not in sync with the Podfile.lock. Run 'pod install' or update your CocoaPods installation.\" >&2\n    exit 1\nfi\n";
			showEnvVarsInLog = 0;
		};
		B0A7C29C8D50C11791A57A96 /* [CP] Embed Pods Frameworks */ = {
			isa = PBXShellScriptBuildPhase;
			buildActionMask = 2147483647;
			files = (
			);
			inputPaths = (
			);
			name = "[CP] Embed Pods Frameworks";
			outputPaths = (
			);
			runOnlyForDeploymentPostprocessing = 0;
			shellPath = /bin/sh;
			shellScript = "\"${SRCROOT}/Pods/Target Support Files/Pods-notification-wordTests/Pods-notification-wordTests-frameworks.sh\"\n";
			showEnvVarsInLog = 0;
		};
		C822FBE8AFD500F6474A8B6A /* [CP] Check Pods Manifest.lock */ = {
			isa = PBXShellScriptBuildPhase;
			buildActionMask = 2147483647;
			files = (
			);
			inputPaths = (
			);
			name = "[CP] Check Pods Manifest.lock";
			outputPaths = (
			);
			runOnlyForDeploymentPostprocessing = 0;
			shellPath = /bin/sh;
			shellScript = "diff \"${PODS_PODFILE_DIR_PATH}/Podfile.lock\" \"${PODS_ROOT}/Manifest.lock\" > /dev/null\nif [ $? != 0 ] ; then\n    # print error to STDERR\n    echo \"error: The sandbox is not in sync with the Podfile.lock. Run 'pod install' or update your CocoaPods installation.\" >&2\n    exit 1\nfi\n";
			showEnvVarsInLog = 0;
		};
/* End PBXShellScriptBuildPhase section */

/* Begin PBXSourcesBuildPhase section */
		3B8D0DE01F5964CA009D982B /* Sources */ = {
			isa = PBXSourcesBuildPhase;
			buildActionMask = 2147483647;
			files = (
				3B031ED21F7CC175002F8C18 /* SettingDateCell.swift in Sources */,
				3B6504A91F764EFA00177319 /* HomeViewController.swift in Sources */,
				3B031ED41F7CC181002F8C18 /* SettingTimeCell.swift in Sources */,
				3BC6417D1F7C81A7008BC755 /* QuotationCell.swift in Sources */,
				3B0B7CE41F7CB4FE00ED7E73 /* AlertDateCell.swift in Sources */,
				3B0B7CE71F7CB4FE00ED7E73 /* SettingListViewController.swift in Sources */,
				3B8D0DE81F5964CA009D982B /* AppDelegate.swift in Sources */,
				3B0B7CEC1F7CB60400ED7E73 /* SettingViewController.swift in Sources */,
				3B0B7CD81F7C938C00ED7E73 /* Identifier.swift in Sources */,
				3BC6417F1F7C8462008BC755 /* TabBarController.swift in Sources */,
				3BC6417B1F7C5F11008BC755 /* TextCell.swift in Sources */,
			);
			runOnlyForDeploymentPostprocessing = 0;
		};
		3B8D0DF41F5964CB009D982B /* Sources */ = {
			isa = PBXSourcesBuildPhase;
			buildActionMask = 2147483647;
			files = (
				3B8D0DFD1F5964CB009D982B /* notification_wordTests.swift in Sources */,
			);
			runOnlyForDeploymentPostprocessing = 0;
		};
		3B8D0DFF1F5964CB009D982B /* Sources */ = {
			isa = PBXSourcesBuildPhase;
			buildActionMask = 2147483647;
			files = (
				3B8D0E081F5964CB009D982B /* notification_wordUITests.swift in Sources */,
			);
			runOnlyForDeploymentPostprocessing = 0;
		};
/* End PBXSourcesBuildPhase section */

/* Begin PBXTargetDependency section */
		3B8D0DFA1F5964CB009D982B /* PBXTargetDependency */ = {
			isa = PBXTargetDependency;
			target = 3B8D0DE31F5964CA009D982B /* notification-word */;
			targetProxy = 3B8D0DF91F5964CB009D982B /* PBXContainerItemProxy */;
		};
		3B8D0E051F5964CB009D982B /* PBXTargetDependency */ = {
			isa = PBXTargetDependency;
			target = 3B8D0DE31F5964CA009D982B /* notification-word */;
			targetProxy = 3B8D0E041F5964CB009D982B /* PBXContainerItemProxy */;
		};
/* End PBXTargetDependency section */

/* Begin PBXVariantGroup section */
		3B8D0DF01F5964CA009D982B /* LaunchScreen.storyboard */ = {
			isa = PBXVariantGroup;
			children = (
				3B8D0DF11F5964CA009D982B /* Base */,
			);
			name = LaunchScreen.storyboard;
			sourceTree = "<group>";
		};
/* End PBXVariantGroup section */

/* Begin XCBuildConfiguration section */
		3B8D0E0A1F5964CB009D982B /* Debug */ = {
			isa = XCBuildConfiguration;
			buildSettings = {
				ALWAYS_SEARCH_USER_PATHS = NO;
				CLANG_ANALYZER_NONNULL = YES;
				CLANG_ANALYZER_NUMBER_OBJECT_CONVERSION = YES_AGGRESSIVE;
				CLANG_CXX_LANGUAGE_STANDARD = "gnu++0x";
				CLANG_CXX_LIBRARY = "libc++";
				CLANG_ENABLE_MODULES = YES;
				CLANG_ENABLE_OBJC_ARC = YES;
				CLANG_WARN_BOOL_CONVERSION = YES;
				CLANG_WARN_CONSTANT_CONVERSION = YES;
				CLANG_WARN_DIRECT_OBJC_ISA_USAGE = YES_ERROR;
				CLANG_WARN_DOCUMENTATION_COMMENTS = YES;
				CLANG_WARN_EMPTY_BODY = YES;
				CLANG_WARN_ENUM_CONVERSION = YES;
				CLANG_WARN_INFINITE_RECURSION = YES;
				CLANG_WARN_INT_CONVERSION = YES;
				CLANG_WARN_OBJC_ROOT_CLASS = YES_ERROR;
				CLANG_WARN_SUSPICIOUS_MOVE = YES;
				CLANG_WARN_UNREACHABLE_CODE = YES;
				CLANG_WARN__DUPLICATE_METHOD_MATCH = YES;
				"CODE_SIGN_IDENTITY[sdk=iphoneos*]" = "iPhone Developer";
				COPY_PHASE_STRIP = NO;
				DEBUG_INFORMATION_FORMAT = dwarf;
				ENABLE_STRICT_OBJC_MSGSEND = YES;
				ENABLE_TESTABILITY = YES;
				GCC_C_LANGUAGE_STANDARD = gnu99;
				GCC_DYNAMIC_NO_PIC = NO;
				GCC_NO_COMMON_BLOCKS = YES;
				GCC_OPTIMIZATION_LEVEL = 0;
				GCC_PREPROCESSOR_DEFINITIONS = (
					"DEBUG=1",
					"$(inherited)",
				);
				GCC_WARN_64_TO_32_BIT_CONVERSION = YES;
				GCC_WARN_ABOUT_RETURN_TYPE = YES_ERROR;
				GCC_WARN_UNDECLARED_SELECTOR = YES;
				GCC_WARN_UNINITIALIZED_AUTOS = YES_AGGRESSIVE;
				GCC_WARN_UNUSED_FUNCTION = YES;
				GCC_WARN_UNUSED_VARIABLE = YES;
				IPHONEOS_DEPLOYMENT_TARGET = 10.3;
				MTL_ENABLE_DEBUG_INFO = YES;
				ONLY_ACTIVE_ARCH = YES;
				SDKROOT = iphoneos;
				SWIFT_ACTIVE_COMPILATION_CONDITIONS = DEBUG;
				SWIFT_OPTIMIZATION_LEVEL = "-Onone";
				TARGETED_DEVICE_FAMILY = "1,2";
			};
			name = Debug;
		};
		3B8D0E0B1F5964CB009D982B /* Release */ = {
			isa = XCBuildConfiguration;
			buildSettings = {
				ALWAYS_SEARCH_USER_PATHS = NO;
				CLANG_ANALYZER_NONNULL = YES;
				CLANG_ANALYZER_NUMBER_OBJECT_CONVERSION = YES_AGGRESSIVE;
				CLANG_CXX_LANGUAGE_STANDARD = "gnu++0x";
				CLANG_CXX_LIBRARY = "libc++";
				CLANG_ENABLE_MODULES = YES;
				CLANG_ENABLE_OBJC_ARC = YES;
				CLANG_WARN_BOOL_CONVERSION = YES;
				CLANG_WARN_CONSTANT_CONVERSION = YES;
				CLANG_WARN_DIRECT_OBJC_ISA_USAGE = YES_ERROR;
				CLANG_WARN_DOCUMENTATION_COMMENTS = YES;
				CLANG_WARN_EMPTY_BODY = YES;
				CLANG_WARN_ENUM_CONVERSION = YES;
				CLANG_WARN_INFINITE_RECURSION = YES;
				CLANG_WARN_INT_CONVERSION = YES;
				CLANG_WARN_OBJC_ROOT_CLASS = YES_ERROR;
				CLANG_WARN_SUSPICIOUS_MOVE = YES;
				CLANG_WARN_UNREACHABLE_CODE = YES;
				CLANG_WARN__DUPLICATE_METHOD_MATCH = YES;
				"CODE_SIGN_IDENTITY[sdk=iphoneos*]" = "iPhone Developer";
				COPY_PHASE_STRIP = NO;
				DEBUG_INFORMATION_FORMAT = "dwarf-with-dsym";
				ENABLE_NS_ASSERTIONS = NO;
				ENABLE_STRICT_OBJC_MSGSEND = YES;
				GCC_C_LANGUAGE_STANDARD = gnu99;
				GCC_NO_COMMON_BLOCKS = YES;
				GCC_WARN_64_TO_32_BIT_CONVERSION = YES;
				GCC_WARN_ABOUT_RETURN_TYPE = YES_ERROR;
				GCC_WARN_UNDECLARED_SELECTOR = YES;
				GCC_WARN_UNINITIALIZED_AUTOS = YES_AGGRESSIVE;
				GCC_WARN_UNUSED_FUNCTION = YES;
				GCC_WARN_UNUSED_VARIABLE = YES;
				IPHONEOS_DEPLOYMENT_TARGET = 10.3;
				MTL_ENABLE_DEBUG_INFO = NO;
				SDKROOT = iphoneos;
				SWIFT_OPTIMIZATION_LEVEL = "-Owholemodule";
				TARGETED_DEVICE_FAMILY = "1,2";
				VALIDATE_PRODUCT = YES;
			};
			name = Release;
		};
		3B8D0E0D1F5964CB009D982B /* Debug */ = {
			isa = XCBuildConfiguration;
			baseConfigurationReference = 6F53CB9B380BC782A879252B /* Pods-notification-word.debug.xcconfig */;
			buildSettings = {
				ASSETCATALOG_COMPILER_APPICON_NAME = AppIcon;
				DEVELOPMENT_TEAM = E37YH96M9E;
				INFOPLIST_FILE = "notification-word/Info.plist";
				LD_RUNPATH_SEARCH_PATHS = "$(inherited) @executable_path/Frameworks";
				PRODUCT_BUNDLE_IDENTIFIER = "com.takattata.notification-word";
				PRODUCT_NAME = "$(TARGET_NAME)";
				SWIFT_VERSION = 4.0;
			};
			name = Debug;
		};
		3B8D0E0E1F5964CB009D982B /* Release */ = {
			isa = XCBuildConfiguration;
			baseConfigurationReference = 50C5958A48CBDCEE91B7EEF2 /* Pods-notification-word.release.xcconfig */;
			buildSettings = {
				ASSETCATALOG_COMPILER_APPICON_NAME = AppIcon;
				DEVELOPMENT_TEAM = E37YH96M9E;
				INFOPLIST_FILE = "notification-word/Info.plist";
				LD_RUNPATH_SEARCH_PATHS = "$(inherited) @executable_path/Frameworks";
				PRODUCT_BUNDLE_IDENTIFIER = "com.takattata.notification-word";
				PRODUCT_NAME = "$(TARGET_NAME)";
				SWIFT_VERSION = 4.0;
			};
			name = Release;
		};
		3B8D0E101F5964CB009D982B /* Debug */ = {
			isa = XCBuildConfiguration;
			baseConfigurationReference = C35C3EE75F7D61326B48FEBA /* Pods-notification-wordTests.debug.xcconfig */;
			buildSettings = {
				ALWAYS_EMBED_SWIFT_STANDARD_LIBRARIES = YES;
				BUNDLE_LOADER = "$(TEST_HOST)";
				DEVELOPMENT_TEAM = E37YH96M9E;
				INFOPLIST_FILE = "notification-wordTests/Info.plist";
				LD_RUNPATH_SEARCH_PATHS = "$(inherited) @executable_path/Frameworks @loader_path/Frameworks";
				PRODUCT_BUNDLE_IDENTIFIER = "com.takattata.notification-wordTests";
				PRODUCT_NAME = "$(TARGET_NAME)";
				SWIFT_VERSION = 3.0;
				TEST_HOST = "$(BUILT_PRODUCTS_DIR)/notification-word.app/notification-word";
			};
			name = Debug;
		};
		3B8D0E111F5964CB009D982B /* Release */ = {
			isa = XCBuildConfiguration;
			baseConfigurationReference = A80F73C2AD90045F6206FA86 /* Pods-notification-wordTests.release.xcconfig */;
			buildSettings = {
				ALWAYS_EMBED_SWIFT_STANDARD_LIBRARIES = YES;
				BUNDLE_LOADER = "$(TEST_HOST)";
				DEVELOPMENT_TEAM = E37YH96M9E;
				INFOPLIST_FILE = "notification-wordTests/Info.plist";
				LD_RUNPATH_SEARCH_PATHS = "$(inherited) @executable_path/Frameworks @loader_path/Frameworks";
				PRODUCT_BUNDLE_IDENTIFIER = "com.takattata.notification-wordTests";
				PRODUCT_NAME = "$(TARGET_NAME)";
				SWIFT_VERSION = 3.0;
				TEST_HOST = "$(BUILT_PRODUCTS_DIR)/notification-word.app/notification-word";
			};
			name = Release;
		};
		3B8D0E131F5964CB009D982B /* Debug */ = {
			isa = XCBuildConfiguration;
			baseConfigurationReference = 1CDC47263EE22D585F3F2D49 /* Pods-notification-wordUITests.debug.xcconfig */;
			buildSettings = {
				ALWAYS_EMBED_SWIFT_STANDARD_LIBRARIES = YES;
				DEVELOPMENT_TEAM = E37YH96M9E;
				INFOPLIST_FILE = "notification-wordUITests/Info.plist";
				LD_RUNPATH_SEARCH_PATHS = "$(inherited) @executable_path/Frameworks @loader_path/Frameworks";
				PRODUCT_BUNDLE_IDENTIFIER = "com.takattata.notification-wordUITests";
				PRODUCT_NAME = "$(TARGET_NAME)";
				SWIFT_VERSION = 3.0;
				TEST_TARGET_NAME = "notification-word";
			};
			name = Debug;
		};
		3B8D0E141F5964CB009D982B /* Release */ = {
			isa = XCBuildConfiguration;
			baseConfigurationReference = E384C937D54928BC7F7F7CC4 /* Pods-notification-wordUITests.release.xcconfig */;
			buildSettings = {
				ALWAYS_EMBED_SWIFT_STANDARD_LIBRARIES = YES;
				DEVELOPMENT_TEAM = E37YH96M9E;
				INFOPLIST_FILE = "notification-wordUITests/Info.plist";
				LD_RUNPATH_SEARCH_PATHS = "$(inherited) @executable_path/Frameworks @loader_path/Frameworks";
				PRODUCT_BUNDLE_IDENTIFIER = "com.takattata.notification-wordUITests";
				PRODUCT_NAME = "$(TARGET_NAME)";
				SWIFT_VERSION = 3.0;
				TEST_TARGET_NAME = "notification-word";
			};
			name = Release;
		};
/* End XCBuildConfiguration section */

/* Begin XCConfigurationList section */
		3B8D0DDF1F5964CA009D982B /* Build configuration list for PBXProject "notification-word" */ = {
			isa = XCConfigurationList;
			buildConfigurations = (
				3B8D0E0A1F5964CB009D982B /* Debug */,
				3B8D0E0B1F5964CB009D982B /* Release */,
			);
			defaultConfigurationIsVisible = 0;
			defaultConfigurationName = Release;
		};
		3B8D0E0C1F5964CB009D982B /* Build configuration list for PBXNativeTarget "notification-word" */ = {
			isa = XCConfigurationList;
			buildConfigurations = (
				3B8D0E0D1F5964CB009D982B /* Debug */,
				3B8D0E0E1F5964CB009D982B /* Release */,
			);
			defaultConfigurationIsVisible = 0;
			defaultConfigurationName = Release;
		};
		3B8D0E0F1F5964CB009D982B /* Build configuration list for PBXNativeTarget "notification-wordTests" */ = {
			isa = XCConfigurationList;
			buildConfigurations = (
				3B8D0E101F5964CB009D982B /* Debug */,
				3B8D0E111F5964CB009D982B /* Release */,
			);
			defaultConfigurationIsVisible = 0;
			defaultConfigurationName = Release;
		};
		3B8D0E121F5964CB009D982B /* Build configuration list for PBXNativeTarget "notification-wordUITests" */ = {
			isa = XCConfigurationList;
			buildConfigurations = (
				3B8D0E131F5964CB009D982B /* Debug */,
				3B8D0E141F5964CB009D982B /* Release */,
			);
			defaultConfigurationIsVisible = 0;
			defaultConfigurationName = Release;
		};
/* End XCConfigurationList section */
	};
	rootObject = 3B8D0DDC1F5964CA009D982B /* Project object */;
}
